{
  "nodes": {
    "hercules-ci-effects": {
      "inputs": {
        "nixpkgs": "nixpkgs"
      },
      "locked": {
        "lastModified": 1655158531,
        "narHash": "sha256-5LeaONqA6pgSNeA39gzu5XUipw3mXNZ04LUiy2TVImU=",
        "owner": "hercules-ci",
        "repo": "hercules-ci-effects",
        "rev": "bda248e06dc44cbba9f4db350abbb10c3fe3b6fd",
        "type": "github"
      },
      "original": {
        "owner": "hercules-ci",
        "repo": "hercules-ci-effects",
        "type": "github"
      }
    },
    "nixpkgs": {
      "locked": {
        "lastModified": 1647297614,
        "narHash": "sha256-ulGq3W5XsrBMU/u5k9d4oPy65pQTkunR4HKKtTq0RwY=",
        "owner": "NixOS",
        "repo": "nixpkgs",
        "rev": "73ad5f9e147c0d2a2061f1d4bd91e05078dc0b58",
        "type": "github"
      },
      "original": {
        "owner": "NixOS",
        "ref": "nixos-unstable",
        "repo": "nixpkgs",
        "type": "github"
      }
    },
    "nixpkgs_2": {
      "locked": {
        "lastModified": 1659889440,
        "narHash": "sha256-O8+FsHZzQIqjQjuh+VXbJtGrpPswm5ta2Z/eo72Lz2U=",
        "owner": "NixOS",
        "repo": "nixpkgs",
        "rev": "4bdf4169ad2896236895ca607a843f30c9680345",
        "type": "github"
      },
      "original": {
        "id": "nixpkgs",
        "ref": "nixos-unstable",
        "type": "indirect"
      }
    },
    "root": {
      "inputs": {
        "hercules-ci-effects": "hercules-ci-effects",
        "nixpkgs": "nixpkgs_2"
      }
    }
  },
  "root": "root",
  "version": 7
}
